// !$*UTF8*$!
{
	archiveVersion = 1;
	classes = {
	};
	objectVersion = 56;
	objects = {

/* Begin PBXBuildFile section */
		921484F9298C323A0086037C /* ASH in Frameworks */ = {isa = PBXBuildFile; productRef = 921484F8298C323A0086037C /* ASH */; };
		92208E452D90B12000AE5D46 /* variables.swift in Sources */ = {isa = PBXBuildFile; fileRef = 92208E442D90B12000AE5D46 /* variables.swift */; };
		9240E75A2DDE835600FFE0FC /* ml.swift in Sources */ = {isa = PBXBuildFile; fileRef = 9240E7592DDE835100FFE0FC /* ml.swift */; };
		92753B8C29A58EDA002C66B4 /* ASHTest.swift in Sources */ = {isa = PBXBuildFile; fileRef = 92753B8B29A58ED9002C66B4 /* ASHTest.swift */; };
		9291711629870B1F004056BD /* main.swift in Sources */ = {isa = PBXBuildFile; fileRef = 9291711529870B1F004056BD /* main.swift */; };
		92A2C5D22994549000E62F34 /* networkComms.swift in Sources */ = {isa = PBXBuildFile; fileRef = 92A2C5D12994549000E62F34 /* networkComms.swift */; };
/* End PBXBuildFile section */

/* Begin PBXCopyFilesBuildPhase section */
		9291711029870B1F004056BD /* CopyFiles */ = {
			isa = PBXCopyFilesBuildPhase;
			buildActionMask = 2147483647;
			dstPath = /usr/share/man/man1/;
			dstSubfolderSpec = 0;
			files = (
			);
			runOnlyForDeploymentPostprocessing = 1;
		};
/* End PBXCopyFilesBuildPhase section */

/* Begin PBXFileReference section */
		92208E442D90B12000AE5D46 /* variables.swift */ = {isa = PBXFileReference; lastKnownFileType = sourcecode.swift; path = variables.swift; sourceTree = "<group>"; };
		9240E7592DDE835100FFE0FC /* ml.swift */ = {isa = PBXFileReference; lastKnownFileType = sourcecode.swift; path = ml.swift; sourceTree = "<group>"; };
		92753B8B29A58ED9002C66B4 /* ASHTest.swift */ = {isa = PBXFileReference; fileEncoding = 4; lastKnownFileType = sourcecode.swift; path = ASHTest.swift; sourceTree = "<group>"; };
		9291711229870B1F004056BD /* weaver */ = {isa = PBXFileReference; explicitFileType = "compiled.mach-o.executable"; includeInIndex = 0; path = weaver; sourceTree = BUILT_PRODUCTS_DIR; };
		9291711529870B1F004056BD /* main.swift */ = {isa = PBXFileReference; lastKnownFileType = sourcecode.swift; path = main.swift; sourceTree = "<group>"; };
		92A2C5D12994549000E62F34 /* networkComms.swift */ = {isa = PBXFileReference; lastKnownFileType = sourcecode.swift; path = networkComms.swift; sourceTree = "<group>"; };
/* End PBXFileReference section */

/* Begin PBXFrameworksBuildPhase section */
		9291710F29870B1F004056BD /* Frameworks */ = {
			isa = PBXFrameworksBuildPhase;
			buildActionMask = 2147483647;
			files = (
				921484F9298C323A0086037C /* ASH in Frameworks */,
			);
			runOnlyForDeploymentPostprocessing = 0;
		};
/* End PBXFrameworksBuildPhase section */

/* Begin PBXGroup section */
		9291710929870B1E004056BD = {
			isa = PBXGroup;
			children = (
				9291711429870B1F004056BD /* weaver */,
				9291711329870B1F004056BD /* Products */,
			);
			sourceTree = "<group>";
		};
		9291711329870B1F004056BD /* Products */ = {
			isa = PBXGroup;
			children = (
				9291711229870B1F004056BD /* weaver */,
			);
			name = Products;
			sourceTree = "<group>";
		};
		9291711429870B1F004056BD /* weaver */ = {
			isa = PBXGroup;
			children = (
				9291711529870B1F004056BD /* main.swift */,
				9240E7592DDE835100FFE0FC /* ml.swift */,
				92208E442D90B12000AE5D46 /* variables.swift */,
				92A2C5D12994549000E62F34 /* networkComms.swift */,
				92753B8B29A58ED9002C66B4 /* ASHTest.swift */,
			);
			path = weaver;
			sourceTree = "<group>";
		};
/* End PBXGroup section */

/* Begin PBXNativeTarget section */
		9291711129870B1F004056BD /* weaver */ = {
			isa = PBXNativeTarget;
			buildConfigurationList = 9291711929870B1F004056BD /* Build configuration list for PBXNativeTarget "weaver" */;
			buildPhases = (
				9291710E29870B1F004056BD /* Sources */,
				9291710F29870B1F004056BD /* Frameworks */,
				9291711029870B1F004056BD /* CopyFiles */,
			);
			buildRules = (
			);
			dependencies = (
			);
			name = weaver;
			packageProductDependencies = (
				921484F8298C323A0086037C /* ASH */,
			);
			productName = weaver;
			productReference = 9291711229870B1F004056BD /* weaver */;
			productType = "com.apple.product-type.tool";
		};
/* End PBXNativeTarget section */

/* Begin PBXProject section */
		9291710A29870B1E004056BD /* Project object */ = {
			isa = PBXProject;
			attributes = {
				BuildIndependentTargetsInParallel = 1;
				LastSwiftUpdateCheck = 1420;
				LastUpgradeCheck = 1420;
				TargetAttributes = {
					9291711129870B1F004056BD = {
						CreatedOnToolsVersion = 14.2;
					};
				};
			};
			buildConfigurationList = 9291710D29870B1E004056BD /* Build configuration list for PBXProject "weaver" */;
			compatibilityVersion = "Xcode 14.0";
			developmentRegion = en;
			hasScannedForEncodings = 0;
			knownRegions = (
				en,
				Base,
			);
			mainGroup = 9291710929870B1E004056BD;
			packageReferences = (
				921484F7298C323A0086037C /* XCRemoteSwiftPackageReference "ASH" */,
			);
			productRefGroup = 9291711329870B1F004056BD /* Products */;
			projectDirPath = "";
			projectRoot = "";
			targets = (
				9291711129870B1F004056BD /* weaver */,
			);
		};
/* End PBXProject section */

/* Begin PBXSourcesBuildPhase section */
		9291710E29870B1F004056BD /* Sources */ = {
			isa = PBXSourcesBuildPhase;
			buildActionMask = 2147483647;
			files = (
				92753B8C29A58EDA002C66B4 /* ASHTest.swift in Sources */,
				92A2C5D22994549000E62F34 /* networkComms.swift in Sources */,
				9240E75A2DDE835600FFE0FC /* ml.swift in Sources */,
				9291711629870B1F004056BD /* main.swift in Sources */,
				92208E452D90B12000AE5D46 /* variables.swift in Sources */,
			);
			runOnlyForDeploymentPostprocessing = 0;
		};
/* End PBXSourcesBuildPhase section */

/* Begin XCBuildConfiguration section */
		9291711729870B1F004056BD /* Debug */ = {
			isa = XCBuildConfiguration;
			buildSettings = {
				ALWAYS_SEARCH_USER_PATHS = NO;
				CLANG_ANALYZER_NONNULL = YES;
				CLANG_ANALYZER_NUMBER_OBJECT_CONVERSION = YES_AGGRESSIVE;
				CLANG_CXX_LANGUAGE_STANDARD = "gnu++20";
				CLANG_ENABLE_MODULES = YES;
				CLANG_ENABLE_OBJC_ARC = YES;
				CLANG_ENABLE_OBJC_WEAK = YES;
				CLANG_WARN_BLOCK_CAPTURE_AUTORELEASING = YES;
				CLANG_WARN_BOOL_CONVERSION = YES;
				CLANG_WARN_COMMA = YES;
				CLANG_WARN_CONSTANT_CONVERSION = YES;
				CLANG_WARN_DEPRECATED_OBJC_IMPLEMENTATIONS = YES;
				CLANG_WARN_DIRECT_OBJC_ISA_USAGE = YES_ERROR;
				CLANG_WARN_DOCUMENTATION_COMMENTS = YES;
				CLANG_WARN_EMPTY_BODY = YES;
				CLANG_WARN_ENUM_CONVERSION = YES;
				CLANG_WARN_INFINITE_RECURSION = YES;
				CLANG_WARN_INT_CONVERSION = YES;
				CLANG_WARN_NON_LITERAL_NULL_CONVERSION = YES;
				CLANG_WARN_OBJC_IMPLICIT_RETAIN_SELF = YES;
				CLANG_WARN_OBJC_LITERAL_CONVERSION = YES;
				CLANG_WARN_OBJC_ROOT_CLASS = YES_ERROR;
				CLANG_WARN_QUOTED_INCLUDE_IN_FRAMEWORK_HEADER = YES;
				CLANG_WARN_RANGE_LOOP_ANALYSIS = YES;
				CLANG_WARN_STRICT_PROTOTYPES = YES;
				CLANG_WARN_SUSPICIOUS_MOVE = YES;
				CLANG_WARN_UNGUARDED_AVAILABILITY = YES_AGGRESSIVE;
				CLANG_WARN_UNREACHABLE_CODE = YES;
				CLANG_WARN__DUPLICATE_METHOD_MATCH = YES;
				COPY_PHASE_STRIP = NO;
				DEBUG_INFORMATION_FORMAT = dwarf;
				ENABLE_STRICT_OBJC_MSGSEND = YES;
				ENABLE_TESTABILITY = YES;
				GCC_C_LANGUAGE_STANDARD = gnu11;
				GCC_DYNAMIC_NO_PIC = NO;
				GCC_NO_COMMON_BLOCKS = YES;
				GCC_OPTIMIZATION_LEVEL = 0;
				GCC_PREPROCESSOR_DEFINITIONS = (
					"DEBUG=1",
					"$(inherited)",
				);
				GCC_WARN_64_TO_32_BIT_CONVERSION = YES;
				GCC_WARN_ABOUT_RETURN_TYPE = YES_ERROR;
				GCC_WARN_UNDECLARED_SELECTOR = YES;
				GCC_WARN_UNINITIALIZED_AUTOS = YES_AGGRESSIVE;
				GCC_WARN_UNUSED_FUNCTION = YES;
				GCC_WARN_UNUSED_VARIABLE = YES;
				MACOSX_DEPLOYMENT_TARGET = 13.1;
				MTL_ENABLE_DEBUG_INFO = INCLUDE_SOURCE;
				MTL_FAST_MATH = YES;
				ONLY_ACTIVE_ARCH = YES;
				SDKROOT = macosx;
				SWIFT_ACTIVE_COMPILATION_CONDITIONS = DEBUG;
				SWIFT_OPTIMIZATION_LEVEL = "-Onone";
			};
			name = Debug;
		};
		9291711829870B1F004056BD /* Release */ = {
			isa = XCBuildConfiguration;
			buildSettings = {
				ALWAYS_SEARCH_USER_PATHS = NO;
				CLANG_ANALYZER_NONNULL = YES;
				CLANG_ANALYZER_NUMBER_OBJECT_CONVERSION = YES_AGGRESSIVE;
				CLANG_CXX_LANGUAGE_STANDARD = "gnu++20";
				CLANG_ENABLE_MODULES = YES;
				CLANG_ENABLE_OBJC_ARC = YES;
				CLANG_ENABLE_OBJC_WEAK = YES;
				CLANG_WARN_BLOCK_CAPTURE_AUTORELEASING = YES;
				CLANG_WARN_BOOL_CONVERSION = YES;
				CLANG_WARN_COMMA = YES;
				CLANG_WARN_CONSTANT_CONVERSION = YES;
				CLANG_WARN_DEPRECATED_OBJC_IMPLEMENTATIONS = YES;
				CLANG_WARN_DIRECT_OBJC_ISA_USAGE = YES_ERROR;
				CLANG_WARN_DOCUMENTATION_COMMENTS = YES;
				CLANG_WARN_EMPTY_BODY = YES;
				CLANG_WARN_ENUM_CONVERSION = YES;
				CLANG_WARN_INFINITE_RECURSION = YES;
				CLANG_WARN_INT_CONVERSION = YES;
				CLANG_WARN_NON_LITERAL_NULL_CONVERSION = YES;
				CLANG_WARN_OBJC_IMPLICIT_RETAIN_SELF = YES;
				CLANG_WARN_OBJC_LITERAL_CONVERSION = YES;
				CLANG_WARN_OBJC_ROOT_CLASS = YES_ERROR;
				CLANG_WARN_QUOTED_INCLUDE_IN_FRAMEWORK_HEADER = YES;
				CLANG_WARN_RANGE_LOOP_ANALYSIS = YES;
				CLANG_WARN_STRICT_PROTOTYPES = YES;
				CLANG_WARN_SUSPICIOUS_MOVE = YES;
				CLANG_WARN_UNGUARDED_AVAILABILITY = YES_AGGRESSIVE;
				CLANG_WARN_UNREACHABLE_CODE = YES;
				CLANG_WARN__DUPLICATE_METHOD_MATCH = YES;
				COPY_PHASE_STRIP = NO;
				DEBUG_INFORMATION_FORMAT = "dwarf-with-dsym";
				ENABLE_NS_ASSERTIONS = NO;
				ENABLE_STRICT_OBJC_MSGSEND = YES;
				GCC_C_LANGUAGE_STANDARD = gnu11;
				GCC_NO_COMMON_BLOCKS = YES;
				GCC_WARN_64_TO_32_BIT_CONVERSION = YES;
				GCC_WARN_ABOUT_RETURN_TYPE = YES_ERROR;
				GCC_WARN_UNDECLARED_SELECTOR = YES;
				GCC_WARN_UNINITIALIZED_AUTOS = YES_AGGRESSIVE;
				GCC_WARN_UNUSED_FUNCTION = YES;
				GCC_WARN_UNUSED_VARIABLE = YES;
				MACOSX_DEPLOYMENT_TARGET = 13.1;
				MTL_ENABLE_DEBUG_INFO = NO;
				MTL_FAST_MATH = YES;
				SDKROOT = macosx;
				SWIFT_COMPILATION_MODE = wholemodule;
				SWIFT_OPTIMIZATION_LEVEL = "-O";
			};
			name = Release;
		};
		9291711A29870B1F004056BD /* Debug */ = {
			isa = XCBuildConfiguration;
			buildSettings = {
				CODE_SIGN_STYLE = Automatic;
				PRODUCT_NAME = "$(TARGET_NAME)";
				SWIFT_VERSION = 5.0;
			};
			name = Debug;
		};
		9291711B29870B1F004056BD /* Release */ = {
			isa = XCBuildConfiguration;
			buildSettings = {
				CODE_SIGN_STYLE = Automatic;
				PRODUCT_NAME = "$(TARGET_NAME)";
				SWIFT_VERSION = 5.0;
			};
			name = Release;
		};
/* End XCBuildConfiguration section */

/* Begin XCConfigurationList section */
		9291710D29870B1E004056BD /* Build configuration list for PBXProject "weaver" */ = {
			isa = XCConfigurationList;
			buildConfigurations = (
				9291711729870B1F004056BD /* Debug */,
				9291711829870B1F004056BD /* Release */,
			);
			defaultConfigurationIsVisible = 0;
			defaultConfigurationName = Release;
		};
		9291711929870B1F004056BD /* Build configuration list for PBXNativeTarget "weaver" */ = {
			isa = XCConfigurationList;
			buildConfigurations = (
				9291711A29870B1F004056BD /* Debug */,
				9291711B29870B1F004056BD /* Release */,
			);
			defaultConfigurationIsVisible = 0;
			defaultConfigurationName = Release;
		};
/* End XCConfigurationList section */

/* Begin XCRemoteSwiftPackageReference section */
		921484F7298C323A0086037C /* XCRemoteSwiftPackageReference "ASH" */ = {
			isa = XCRemoteSwiftPackageReference;
			repositoryURL = "https://github.com/anxiousrabbit/ASH";
			requirement = {
				kind = upToNextMajorVersion;
				minimumVersion = 1.0.0;
			};
		};
/* End XCRemoteSwiftPackageReference section */

/* Begin XCSwiftPackageProductDependency section */
		921484F8298C323A0086037C /* ASH */ = {
			isa = XCSwiftPackageProductDependency;
			package = 921484F7298C323A0086037C /* XCRemoteSwiftPackageReference "ASH" */;
			productName = ASH;
		};
/* End XCSwiftPackageProductDependency section */
	};
	rootObject = 9291710A29870B1E004056BD /* Project object */;
}
